
Microsoft Visual Studio Solution File, Format Version 12.00
# Visual Studio Version 16
VisualStudioVersion = 16.0.29728.190
MinimumVisualStudioVersion = 10.0.40219.1
Project("{FAE04EC0-301F-11D3-BF4B-00C04F79EFBC}") = "MovieBox.Business", "MovieBox.Business\MovieBox.Business.csproj", "{948E021C-BAA6-44D9-8A32-38DDCFB5736F}"
EndProject
Project("{FAE04EC0-301F-11D3-BF4B-00C04F79EFBC}") = "MovieBox.Data", "MovieBox.Data\MovieBox.Data.csproj", "{3960A215-16BE-486C-ABB3-F87AB8F8DFEE}"
EndProject
Project("{FAE04EC0-301F-11D3-BF4B-00C04F79EFBC}") = "MovieBox.UI", "MovieBox.Ui\MovieBox.UI.csproj", "{44111A8D-0628-4F6D-8791-8C919A766C33}"
EndProject
Global
	GlobalSection(SolutionConfigurationPlatforms) = preSolution
		Debug|Any CPU = Debug|Any CPU
		Release|Any CPU = Release|Any CPU
	EndGlobalSection
	GlobalSection(ProjectConfigurationPlatforms) = postSolution
		{948E021C-BAA6-44D9-8A32-38DDCFB5736F}.Debug|Any CPU.ActiveCfg = Debug|Any CPU
		{948E021C-BAA6-44D9-8A32-38DDCFB5736F}.Debug|Any CPU.Build.0 = Debug|Any CPU
		{948E021C-BAA6-44D9-8A32-38DDCFB5736F}.Release|Any CPU.ActiveCfg = Release|Any CPU
		{948E021C-BAA6-44D9-8A32-38DDCFB5736F}.Release|Any CPU.Build.0 = Release|Any CPU
		{3960A215-16BE-486C-ABB3-F87AB8F8DFEE}.Debug|Any CPU.ActiveCfg = Debug|Any CPU
		{3960A215-16BE-486C-ABB3-F87AB8F8DFEE}.Debug|Any CPU.Build.0 = Debug|Any CPU
		{3960A215-16BE-486C-ABB3-F87AB8F8DFEE}.Release|Any CPU.ActiveCfg = Release|Any CPU
		{3960A215-16BE-486C-ABB3-F87AB8F8DFEE}.Release|Any CPU.Build.0 = Release|Any CPU
		{44111A8D-0628-4F6D-8791-8C919A766C33}.Debug|Any CPU.ActiveCfg = Debug|Any CPU
		{44111A8D-0628-4F6D-8791-8C919A766C33}.Debug|Any CPU.Build.0 = Debug|Any CPU
		{44111A8D-0628-4F6D-8791-8C919A766C33}.Release|Any CPU.ActiveCfg = Release|Any CPU
		{44111A8D-0628-4F6D-8791-8C919A766C33}.Release|Any CPU.Build.0 = Release|Any CPU
	EndGlobalSection
	GlobalSection(SolutionProperties) = preSolution
		HideSolutionNode = FALSE
	EndGlobalSection
	GlobalSection(ExtensibilityGlobals) = postSolution
		SolutionGuid = {A2BCAAF5-6D4D-4C45-B0C0-1A50F1D82ECA}
	EndGlobalSection
EndGlobal
